// !$*UTF8*$!
{
	archiveVersion = 1;
	classes = {
	};
	objectVersion = 46;
	objects = {

/* Begin PBXBuildFile section */
		0CD0266C6C6E8B76D0595D28 /* Pods_EzoneNavigation.framework in Frameworks */ = {isa = PBXBuildFile; fileRef = A71C8C1894777A8C9DC5B1C5 /* Pods_EzoneNavigation.framework */; };
		7A15E10D1F64005D00054933 /* main.m in Sources */ = {isa = PBXBuildFile; fileRef = 7A15E10C1F64005D00054933 /* main.m */; };
		7A15E1101F64005D00054933 /* AppDelegate.m in Sources */ = {isa = PBXBuildFile; fileRef = 7A15E10F1F64005D00054933 /* AppDelegate.m */; };
		7A15E1131F64005D00054933 /* ViewController.m in Sources */ = {isa = PBXBuildFile; fileRef = 7A15E1121F64005D00054933 /* ViewController.m */; };
		7A15E1161F64005D00054933 /* Main.storyboard in Resources */ = {isa = PBXBuildFile; fileRef = 7A15E1141F64005D00054933 /* Main.storyboard */; };
		7A15E1181F64005D00054933 /* Assets.xcassets in Resources */ = {isa = PBXBuildFile; fileRef = 7A15E1171F64005D00054933 /* Assets.xcassets */; };
		7A15E11B1F64005D00054933 /* LaunchScreen.storyboard in Resources */ = {isa = PBXBuildFile; fileRef = 7A15E1191F64005D00054933 /* LaunchScreen.storyboard */; };
		7A15E1261F64005D00054933 /* EzoneNavigationTests.m in Sources */ = {isa = PBXBuildFile; fileRef = 7A15E1251F64005D00054933 /* EzoneNavigationTests.m */; };
		7A15E1311F64005D00054933 /* EzoneNavigationUITests.m in Sources */ = {isa = PBXBuildFile; fileRef = 7A15E1301F64005D00054933 /* EzoneNavigationUITests.m */; };
		7A15E13F1F64061000054933 /* Podfile in Resources */ = {isa = PBXBuildFile; fileRef = 7A15E13E1F64061000054933 /* Podfile */; };
		7A15E1421F64147400054933 /* MapScreenVC.m in Sources */ = {isa = PBXBuildFile; fileRef = 7A15E1411F64147400054933 /* MapScreenVC.m */; };
		7A52A9A71F7D1279001B2191 /* NodesParser.m in Sources */ = {isa = PBXBuildFile; fileRef = 7A52A9A61F7D1279001B2191 /* NodesParser.m */; };
		7A7DC6D11F6E323400AFAE84 /* MapKit.framework in Frameworks */ = {isa = PBXBuildFile; fileRef = 7A7DC6D01F6E323400AFAE84 /* MapKit.framework */; };
		7A84A7FC1F6C095E009FB41B /* CalibrationIndicator.m in Sources */ = {isa = PBXBuildFile; fileRef = 7A84A7FB1F6C095E009FB41B /* CalibrationIndicator.m */; };
/* End PBXBuildFile section */

/* Begin PBXContainerItemProxy section */
		7A15E1221F64005D00054933 /* PBXContainerItemProxy */ = {
			isa = PBXContainerItemProxy;
			containerPortal = 7A15E1001F64005D00054933 /* Project object */;
			proxyType = 1;
			remoteGlobalIDString = 7A15E1071F64005D00054933;
			remoteInfo = EzoneNavigation;
		};
		7A15E12D1F64005D00054933 /* PBXContainerItemProxy */ = {
			isa = PBXContainerItemProxy;
			containerPortal = 7A15E1001F64005D00054933 /* Project object */;
			proxyType = 1;
			remoteGlobalIDString = 7A15E1071F64005D00054933;
			remoteInfo = EzoneNavigation;
		};
/* End PBXContainerItemProxy section */

/* Begin PBXFileReference section */
		07479EE18D1A8B7FB9D1B0F8 /* Pods-EzoneNavigation.release.xcconfig */ = {isa = PBXFileReference; includeInIndex = 1; lastKnownFileType = text.xcconfig; name = "Pods-EzoneNavigation.release.xcconfig"; path = "Pods/Target Support Files/Pods-EzoneNavigation/Pods-EzoneNavigation.release.xcconfig"; sourceTree = "<group>"; };
		7A15E1081F64005D00054933 /* EzoneNavigation.app */ = {isa = PBXFileReference; explicitFileType = wrapper.application; includeInIndex = 0; path = EzoneNavigation.app; sourceTree = BUILT_PRODUCTS_DIR; };
		7A15E10C1F64005D00054933 /* main.m */ = {isa = PBXFileReference; lastKnownFileType = sourcecode.c.objc; path = main.m; sourceTree = "<group>"; };
		7A15E10E1F64005D00054933 /* AppDelegate.h */ = {isa = PBXFileReference; lastKnownFileType = sourcecode.c.h; path = AppDelegate.h; sourceTree = "<group>"; };
		7A15E10F1F64005D00054933 /* AppDelegate.m */ = {isa = PBXFileReference; lastKnownFileType = sourcecode.c.objc; path = AppDelegate.m; sourceTree = "<group>"; };
		7A15E1111F64005D00054933 /* ViewController.h */ = {isa = PBXFileReference; lastKnownFileType = sourcecode.c.h; path = ViewController.h; sourceTree = "<group>"; };
		7A15E1121F64005D00054933 /* ViewController.m */ = {isa = PBXFileReference; lastKnownFileType = sourcecode.c.objc; path = ViewController.m; sourceTree = "<group>"; };
		7A15E1151F64005D00054933 /* Base */ = {isa = PBXFileReference; lastKnownFileType = file.storyboard; name = Base; path = Base.lproj/Main.storyboard; sourceTree = "<group>"; };
		7A15E1171F64005D00054933 /* Assets.xcassets */ = {isa = PBXFileReference; lastKnownFileType = folder.assetcatalog; path = Assets.xcassets; sourceTree = "<group>"; };
		7A15E11A1F64005D00054933 /* Base */ = {isa = PBXFileReference; lastKnownFileType = file.storyboard; name = Base; path = Base.lproj/LaunchScreen.storyboard; sourceTree = "<group>"; };
		7A15E11C1F64005D00054933 /* Info.plist */ = {isa = PBXFileReference; lastKnownFileType = text.plist.xml; path = Info.plist; sourceTree = "<group>"; };
		7A15E1211F64005D00054933 /* EzoneNavigationTests.xctest */ = {isa = PBXFileReference; explicitFileType = wrapper.cfbundle; includeInIndex = 0; path = EzoneNavigationTests.xctest; sourceTree = BUILT_PRODUCTS_DIR; };
		7A15E1251F64005D00054933 /* EzoneNavigationTests.m */ = {isa = PBXFileReference; lastKnownFileType = sourcecode.c.objc; path = EzoneNavigationTests.m; sourceTree = "<group>"; };
		7A15E1271F64005D00054933 /* Info.plist */ = {isa = PBXFileReference; lastKnownFileType = text.plist.xml; path = Info.plist; sourceTree = "<group>"; };
		7A15E12C1F64005D00054933 /* EzoneNavigationUITests.xctest */ = {isa = PBXFileReference; explicitFileType = wrapper.cfbundle; includeInIndex = 0; path = EzoneNavigationUITests.xctest; sourceTree = BUILT_PRODUCTS_DIR; };
		7A15E1301F64005D00054933 /* EzoneNavigationUITests.m */ = {isa = PBXFileReference; lastKnownFileType = sourcecode.c.objc; path = EzoneNavigationUITests.m; sourceTree = "<group>"; };
		7A15E1321F64005D00054933 /* Info.plist */ = {isa = PBXFileReference; lastKnownFileType = text.plist.xml; path = Info.plist; sourceTree = "<group>"; };
		7A15E13E1F64061000054933 /* Podfile */ = {isa = PBXFileReference; fileEncoding = 4; lastKnownFileType = text; path = Podfile; sourceTree = "<group>"; xcLanguageSpecificationIdentifier = xcode.lang.ruby; };
		7A15E1401F64147400054933 /* MapScreenVC.h */ = {isa = PBXFileReference; fileEncoding = 4; lastKnownFileType = sourcecode.c.h; path = MapScreenVC.h; sourceTree = "<group>"; };
		7A15E1411F64147400054933 /* MapScreenVC.m */ = {isa = PBXFileReference; fileEncoding = 4; lastKnownFileType = sourcecode.c.objc; path = MapScreenVC.m; sourceTree = "<group>"; };
		7A52A9A51F7D1279001B2191 /* NodesParser.h */ = {isa = PBXFileReference; fileEncoding = 4; lastKnownFileType = sourcecode.c.h; path = NodesParser.h; sourceTree = "<group>"; };
		7A52A9A61F7D1279001B2191 /* NodesParser.m */ = {isa = PBXFileReference; fileEncoding = 4; lastKnownFileType = sourcecode.c.objc; path = NodesParser.m; sourceTree = "<group>"; };
		7A7DC6D01F6E323400AFAE84 /* MapKit.framework */ = {isa = PBXFileReference; lastKnownFileType = wrapper.framework; name = MapKit.framework; path = System/Library/Frameworks/MapKit.framework; sourceTree = SDKROOT; };
		7A84A7FA1F6C095E009FB41B /* CalibrationIndicator.h */ = {isa = PBXFileReference; fileEncoding = 4; lastKnownFileType = sourcecode.c.h; path = CalibrationIndicator.h; sourceTree = "<group>"; };
		7A84A7FB1F6C095E009FB41B /* CalibrationIndicator.m */ = {isa = PBXFileReference; fileEncoding = 4; lastKnownFileType = sourcecode.c.objc; path = CalibrationIndicator.m; sourceTree = "<group>"; };
		7ADF5DED1F657EBD00B0A9F3 /* ApiKeys.h */ = {isa = PBXFileReference; fileEncoding = 4; lastKnownFileType = sourcecode.c.h; path = ApiKeys.h; sourceTree = "<group>"; };
		A71C8C1894777A8C9DC5B1C5 /* Pods_EzoneNavigation.framework */ = {isa = PBXFileReference; explicitFileType = wrapper.framework; includeInIndex = 0; path = Pods_EzoneNavigation.framework; sourceTree = BUILT_PRODUCTS_DIR; };
		B50773BDAE701216D181541A /* Pods-EzoneNavigation.debug.xcconfig */ = {isa = PBXFileReference; includeInIndex = 1; lastKnownFileType = text.xcconfig; name = "Pods-EzoneNavigation.debug.xcconfig"; path = "Pods/Target Support Files/Pods-EzoneNavigation/Pods-EzoneNavigation.debug.xcconfig"; sourceTree = "<group>"; };
/* End PBXFileReference section */

/* Begin PBXFrameworksBuildPhase section */
		7A15E1051F64005D00054933 /* Frameworks */ = {
			isa = PBXFrameworksBuildPhase;
			buildActionMask = 2147483647;
			files = (
				7A7DC6D11F6E323400AFAE84 /* MapKit.framework in Frameworks */,
				0CD0266C6C6E8B76D0595D28 /* Pods_EzoneNavigation.framework in Frameworks */,
			);
			runOnlyForDeploymentPostprocessing = 0;
		};
		7A15E11E1F64005D00054933 /* Frameworks */ = {
			isa = PBXFrameworksBuildPhase;
			buildActionMask = 2147483647;
			files = (
			);
			runOnlyForDeploymentPostprocessing = 0;
		};
		7A15E1291F64005D00054933 /* Frameworks */ = {
			isa = PBXFrameworksBuildPhase;
			buildActionMask = 2147483647;
			files = (
			);
			runOnlyForDeploymentPostprocessing = 0;
		};
/* End PBXFrameworksBuildPhase section */

/* Begin PBXGroup section */
		74BF87C9440114587A18FA2B /* Frameworks */ = {
			isa = PBXGroup;
			children = (
				7A7DC6D01F6E323400AFAE84 /* MapKit.framework */,
				A71C8C1894777A8C9DC5B1C5 /* Pods_EzoneNavigation.framework */,
			);
			name = Frameworks;
			sourceTree = "<group>";
		};
		7A15E0FF1F64005D00054933 = {
			isa = PBXGroup;
			children = (
				7A15E13E1F64061000054933 /* Podfile */,
				7A15E10A1F64005D00054933 /* EzoneNavigation */,
				7A15E1241F64005D00054933 /* EzoneNavigationTests */,
				7A15E12F1F64005D00054933 /* EzoneNavigationUITests */,
				7A15E1091F64005D00054933 /* Products */,
				D86D5E1165229F303BB92A18 /* Pods */,
				74BF87C9440114587A18FA2B /* Frameworks */,
			);
			sourceTree = "<group>";
		};
		7A15E1091F64005D00054933 /* Products */ = {
			isa = PBXGroup;
			children = (
				7A15E1081F64005D00054933 /* EzoneNavigation.app */,
				7A15E1211F64005D00054933 /* EzoneNavigationTests.xctest */,
				7A15E12C1F64005D00054933 /* EzoneNavigationUITests.xctest */,
			);
			name = Products;
			sourceTree = "<group>";
		};
		7A15E10A1F64005D00054933 /* EzoneNavigation */ = {
			isa = PBXGroup;
			children = (
				7ADF5DED1F657EBD00B0A9F3 /* ApiKeys.h */,
				7A15E10E1F64005D00054933 /* AppDelegate.h */,
				7A15E10F1F64005D00054933 /* AppDelegate.m */,
				7A15E1111F64005D00054933 /* ViewController.h */,
				7A15E1121F64005D00054933 /* ViewController.m */,
				7A15E1401F64147400054933 /* MapScreenVC.h */,
				7A15E1411F64147400054933 /* MapScreenVC.m */,
				7A84A7FA1F6C095E009FB41B /* CalibrationIndicator.h */,
				7A84A7FB1F6C095E009FB41B /* CalibrationIndicator.m */,
				7A52A9A51F7D1279001B2191 /* NodesParser.h */,
				7A52A9A61F7D1279001B2191 /* NodesParser.m */,
				7A15E1141F64005D00054933 /* Main.storyboard */,
				7A15E1171F64005D00054933 /* Assets.xcassets */,
				7A15E1191F64005D00054933 /* LaunchScreen.storyboard */,
				7A15E11C1F64005D00054933 /* Info.plist */,
				7A15E10B1F64005D00054933 /* Supporting Files */,
			);
			path = EzoneNavigation;
			sourceTree = "<group>";
		};
		7A15E10B1F64005D00054933 /* Supporting Files */ = {
			isa = PBXGroup;
			children = (
				7A15E10C1F64005D00054933 /* main.m */,
			);
			name = "Supporting Files";
			sourceTree = "<group>";
		};
		7A15E1241F64005D00054933 /* EzoneNavigationTests */ = {
			isa = PBXGroup;
			children = (
				7A15E1251F64005D00054933 /* EzoneNavigationTests.m */,
				7A15E1271F64005D00054933 /* Info.plist */,
			);
			path = EzoneNavigationTests;
			sourceTree = "<group>";
		};
		7A15E12F1F64005D00054933 /* EzoneNavigationUITests */ = {
			isa = PBXGroup;
			children = (
				7A15E1301F64005D00054933 /* EzoneNavigationUITests.m */,
				7A15E1321F64005D00054933 /* Info.plist */,
			);
			path = EzoneNavigationUITests;
			sourceTree = "<group>";
		};
		D86D5E1165229F303BB92A18 /* Pods */ = {
			isa = PBXGroup;
			children = (
				B50773BDAE701216D181541A /* Pods-EzoneNavigation.debug.xcconfig */,
				07479EE18D1A8B7FB9D1B0F8 /* Pods-EzoneNavigation.release.xcconfig */,
			);
			name = Pods;
			sourceTree = "<group>";
		};
/* End PBXGroup section */

/* Begin PBXNativeTarget section */
		7A15E1071F64005D00054933 /* EzoneNavigation */ = {
			isa = PBXNativeTarget;
			buildConfigurationList = 7A15E1351F64005D00054933 /* Build configuration list for PBXNativeTarget "EzoneNavigation" */;
			buildPhases = (
				7C484B89366ED3C90B6E77BB /* [CP] Check Pods Manifest.lock */,
				7A15E1041F64005D00054933 /* Sources */,
				7A15E1051F64005D00054933 /* Frameworks */,
				7A15E1061F64005D00054933 /* Resources */,
				7CA8C7ED9A675D3422BD2A3E /* [CP] Embed Pods Frameworks */,
				BC45CF4C83501CF041926CB7 /* [CP] Copy Pods Resources */,
			);
			buildRules = (
			);
			dependencies = (
			);
			name = EzoneNavigation;
			productName = EzoneNavigation;
			productReference = 7A15E1081F64005D00054933 /* EzoneNavigation.app */;
			productType = "com.apple.product-type.application";
		};
		7A15E1201F64005D00054933 /* EzoneNavigationTests */ = {
			isa = PBXNativeTarget;
			buildConfigurationList = 7A15E1381F64005D00054933 /* Build configuration list for PBXNativeTarget "EzoneNavigationTests" */;
			buildPhases = (
				7A15E11D1F64005D00054933 /* Sources */,
				7A15E11E1F64005D00054933 /* Frameworks */,
				7A15E11F1F64005D00054933 /* Resources */,
			);
			buildRules = (
			);
			dependencies = (
				7A15E1231F64005D00054933 /* PBXTargetDependency */,
			);
			name = EzoneNavigationTests;
			productName = EzoneNavigationTests;
			productReference = 7A15E1211F64005D00054933 /* EzoneNavigationTests.xctest */;
			productType = "com.apple.product-type.bundle.unit-test";
		};
		7A15E12B1F64005D00054933 /* EzoneNavigationUITests */ = {
			isa = PBXNativeTarget;
			buildConfigurationList = 7A15E13B1F64005D00054933 /* Build configuration list for PBXNativeTarget "EzoneNavigationUITests" */;
			buildPhases = (
				7A15E1281F64005D00054933 /* Sources */,
				7A15E1291F64005D00054933 /* Frameworks */,
				7A15E12A1F64005D00054933 /* Resources */,
			);
			buildRules = (
			);
			dependencies = (
				7A15E12E1F64005D00054933 /* PBXTargetDependency */,
			);
			name = EzoneNavigationUITests;
			productName = EzoneNavigationUITests;
			productReference = 7A15E12C1F64005D00054933 /* EzoneNavigationUITests.xctest */;
			productType = "com.apple.product-type.bundle.ui-testing";
		};
/* End PBXNativeTarget section */

/* Begin PBXProject section */
		7A15E1001F64005D00054933 /* Project object */ = {
			isa = PBXProject;
			attributes = {
				LastUpgradeCheck = 0830;
				ORGANIZATIONNAME = "Keyur Modi";
				TargetAttributes = {
					7A15E1071F64005D00054933 = {
						CreatedOnToolsVersion = 8.3;
						DevelopmentTeam = 32WC8E8NPA;
						ProvisioningStyle = Automatic;
						SystemCapabilities = {
							com.apple.Maps.iOS = {
								enabled = 1;
							};
						};
					};
					7A15E1201F64005D00054933 = {
						CreatedOnToolsVersion = 8.3;
						DevelopmentTeam = 32WC8E8NPA;
						ProvisioningStyle = Automatic;
						TestTargetID = 7A15E1071F64005D00054933;
					};
					7A15E12B1F64005D00054933 = {
						CreatedOnToolsVersion = 8.3;
						DevelopmentTeam = 32WC8E8NPA;
						ProvisioningStyle = Automatic;
						TestTargetID = 7A15E1071F64005D00054933;
					};
				};
			};
			buildConfigurationList = 7A15E1031F64005D00054933 /* Build configuration list for PBXProject "EzoneNavigation" */;
			compatibilityVersion = "Xcode 3.2";
			developmentRegion = English;
			hasScannedForEncodings = 0;
			knownRegions = (
				en,
				Base,
			);
			mainGroup = 7A15E0FF1F64005D00054933;
			productRefGroup = 7A15E1091F64005D00054933 /* Products */;
			projectDirPath = "";
			projectRoot = "";
			targets = (
				7A15E1071F64005D00054933 /* EzoneNavigation */,
				7A15E1201F64005D00054933 /* EzoneNavigationTests */,
				7A15E12B1F64005D00054933 /* EzoneNavigationUITests */,
			);
		};
/* End PBXProject section */

/* Begin PBXResourcesBuildPhase section */
		7A15E1061F64005D00054933 /* Resources */ = {
			isa = PBXResourcesBuildPhase;
			buildActionMask = 2147483647;
			files = (
				7A15E11B1F64005D00054933 /* LaunchScreen.storyboard in Resources */,
				7A15E1181F64005D00054933 /* Assets.xcassets in Resources */,
				7A15E13F1F64061000054933 /* Podfile in Resources */,
				7A15E1161F64005D00054933 /* Main.storyboard in Resources */,
			);
			runOnlyForDeploymentPostprocessing = 0;
		};
		7A15E11F1F64005D00054933 /* Resources */ = {
			isa = PBXResourcesBuildPhase;
			buildActionMask = 2147483647;
			files = (
			);
			runOnlyForDeploymentPostprocessing = 0;
		};
		7A15E12A1F64005D00054933 /* Resources */ = {
			isa = PBXResourcesBuildPhase;
			buildActionMask = 2147483647;
			files = (
			);
			runOnlyForDeploymentPostprocessing = 0;
		};
/* End PBXResourcesBuildPhase section */

/* Begin PBXShellScriptBuildPhase section */
		7C484B89366ED3C90B6E77BB /* [CP] Check Pods Manifest.lock */ = {
			isa = PBXShellScriptBuildPhase;
			buildActionMask = 2147483647;
			files = (
			);
			inputPaths = (
				"${PODS_PODFILE_DIR_PATH}/Podfile.lock",
				"${PODS_ROOT}/Manifest.lock",
			);
			name = "[CP] Check Pods Manifest.lock";
			outputPaths = (
				"$(DERIVED_FILE_DIR)/Pods-EzoneNavigation-checkManifestLockResult.txt",
			);
			runOnlyForDeploymentPostprocessing = 0;
			shellPath = /bin/sh;
			shellScript = "diff \"${PODS_PODFILE_DIR_PATH}/Podfile.lock\" \"${PODS_ROOT}/Manifest.lock\" > /dev/null\nif [ $? != 0 ] ; then\n    # print error to STDERR\n    echo \"error: The sandbox is not in sync with the Podfile.lock. Run 'pod install' or update your CocoaPods installation.\" >&2\n    exit 1\nfi\n# This output is used by Xcode 'outputs' to avoid re-running this script phase.\necho \"SUCCESS\" > \"${SCRIPT_OUTPUT_FILE_0}\"\n";
			showEnvVarsInLog = 0;
		};
		7CA8C7ED9A675D3422BD2A3E /* [CP] Embed Pods Frameworks */ = {
			isa = PBXShellScriptBuildPhase;
			buildActionMask = 2147483647;
			files = (
			);
			inputPaths = (
				"${SRCROOT}/Pods/Target Support Files/Pods-EzoneNavigation/Pods-EzoneNavigation-frameworks.sh",
				"${PODS_ROOT}/IndoorAtlas/indooratlas-ios-sdk/IndoorAtlas.framework",
			);
			name = "[CP] Embed Pods Frameworks";
			outputPaths = (
				"${TARGET_BUILD_DIR}/${FRAMEWORKS_FOLDER_PATH}/IndoorAtlas.framework",
			);
			runOnlyForDeploymentPostprocessing = 0;
			shellPath = /bin/sh;
			shellScript = "\"${SRCROOT}/Pods/Target Support Files/Pods-EzoneNavigation/Pods-EzoneNavigation-frameworks.sh\"\n";
			showEnvVarsInLog = 0;
		};
		BC45CF4C83501CF041926CB7 /* [CP] Copy Pods Resources */ = {
			isa = PBXShellScriptBuildPhase;
			buildActionMask = 2147483647;
			files = (
			);
			inputPaths = (
				"${SRCROOT}/Pods/Target Support Files/Pods-EzoneNavigation/Pods-EzoneNavigation-resources.sh",
				"${PODS_ROOT}/GoogleMaps/Maps/Frameworks/GoogleMaps.framework/Resources/GoogleMaps.bundle",
				"${PODS_ROOT}/GooglePlaces/Frameworks/GooglePlaces.framework/Resources/GooglePlaces.bundle",
			);
			name = "[CP] Copy Pods Resources";
			outputPaths = (
				"${TARGET_BUILD_DIR}/${UNLOCALIZED_RESOURCES_FOLDER_PATH}",
			);
			runOnlyForDeploymentPostprocessing = 0;
			shellPath = /bin/sh;
			shellScript = "\"${SRCROOT}/Pods/Target Support Files/Pods-EzoneNavigation/Pods-EzoneNavigation-resources.sh\"\n";
			showEnvVarsInLog = 0;
		};
/* End PBXShellScriptBuildPhase section */

/* Begin PBXSourcesBuildPhase section */
		7A15E1041F64005D00054933 /* Sources */ = {
			isa = PBXSourcesBuildPhase;
			buildActionMask = 2147483647;
			files = (
				7A84A7FC1F6C095E009FB41B /* CalibrationIndicator.m in Sources */,
				7A15E1131F64005D00054933 /* ViewController.m in Sources */,
				7A15E1101F64005D00054933 /* AppDelegate.m in Sources */,
				7A15E10D1F64005D00054933 /* main.m in Sources */,
				7A52A9A71F7D1279001B2191 /* NodesParser.m in Sources */,
				7A15E1421F64147400054933 /* MapScreenVC.m in Sources */,
			);
			runOnlyForDeploymentPostprocessing = 0;
		};
		7A15E11D1F64005D00054933 /* Sources */ = {
			isa = PBXSourcesBuildPhase;
			buildActionMask = 2147483647;
			files = (
				7A15E1261F64005D00054933 /* EzoneNavigationTests.m in Sources */,
			);
			runOnlyForDeploymentPostprocessing = 0;
		};
		7A15E1281F64005D00054933 /* Sources */ = {
			isa = PBXSourcesBuildPhase;
			buildActionMask = 2147483647;
			files = (
				7A15E1311F64005D00054933 /* EzoneNavigationUITests.m in Sources */,
			);
			runOnlyForDeploymentPostprocessing = 0;
		};
/* End PBXSourcesBuildPhase section */

/* Begin PBXTargetDependency section */
		7A15E1231F64005D00054933 /* PBXTargetDependency */ = {
			isa = PBXTargetDependency;
			target = 7A15E1071F64005D00054933 /* EzoneNavigation */;
			targetProxy = 7A15E1221F64005D00054933 /* PBXContainerItemProxy */;
		};
		7A15E12E1F64005D00054933 /* PBXTargetDependency */ = {
			isa = PBXTargetDependency;
			target = 7A15E1071F64005D00054933 /* EzoneNavigation */;
			targetProxy = 7A15E12D1F64005D00054933 /* PBXContainerItemProxy */;
		};
/* End PBXTargetDependency section */

/* Begin PBXVariantGroup section */
		7A15E1141F64005D00054933 /* Main.storyboard */ = {
			isa = PBXVariantGroup;
			children = (
				7A15E1151F64005D00054933 /* Base */,
			);
			name = Main.storyboard;
			sourceTree = "<group>";
		};
		7A15E1191F64005D00054933 /* LaunchScreen.storyboard */ = {
			isa = PBXVariantGroup;
			children = (
				7A15E11A1F64005D00054933 /* Base */,
			);
			name = LaunchScreen.storyboard;
			sourceTree = "<group>";
		};
/* End PBXVariantGroup section */

/* Begin XCBuildConfiguration section */
		7A15E1331F64005D00054933 /* Debug */ = {
			isa = XCBuildConfiguration;
			buildSettings = {
				ALWAYS_SEARCH_USER_PATHS = NO;
				CLANG_ANALYZER_NONNULL = YES;
				CLANG_ANALYZER_NUMBER_OBJECT_CONVERSION = YES_AGGRESSIVE;
				CLANG_CXX_LANGUAGE_STANDARD = "gnu++0x";
				CLANG_CXX_LIBRARY = "libc++";
				CLANG_ENABLE_MODULES = YES;
				CLANG_ENABLE_OBJC_ARC = YES;
				CLANG_WARN_BOOL_CONVERSION = YES;
				CLANG_WARN_CONSTANT_CONVERSION = YES;
				CLANG_WARN_DIRECT_OBJC_ISA_USAGE = YES_ERROR;
				CLANG_WARN_DOCUMENTATION_COMMENTS = YES;
				CLANG_WARN_EMPTY_BODY = YES;
				CLANG_WARN_ENUM_CONVERSION = YES;
				CLANG_WARN_INFINITE_RECURSION = YES;
				CLANG_WARN_INT_CONVERSION = YES;
				CLANG_WARN_OBJC_ROOT_CLASS = YES_ERROR;
				CLANG_WARN_SUSPICIOUS_MOVE = YES;
				CLANG_WARN_UNREACHABLE_CODE = YES;
				CLANG_WARN__DUPLICATE_METHOD_MATCH = YES;
				"CODE_SIGN_IDENTITY[sdk=iphoneos*]" = "iPhone Developer";
				COPY_PHASE_STRIP = NO;
				DEBUG_INFORMATION_FORMAT = dwarf;
				ENABLE_BITCODE = NO;
				ENABLE_STRICT_OBJC_MSGSEND = YES;
				ENABLE_TESTABILITY = YES;
				GCC_C_LANGUAGE_STANDARD = gnu99;
				GCC_DYNAMIC_NO_PIC = NO;
				GCC_NO_COMMON_BLOCKS = YES;
				GCC_OPTIMIZATION_LEVEL = 0;
				GCC_PREPROCESSOR_DEFINITIONS = (
					"DEBUG=1",
					"$(inherited)",
				);
				GCC_WARN_64_TO_32_BIT_CONVERSION = YES;
				GCC_WARN_ABOUT_RETURN_TYPE = YES_ERROR;
				GCC_WARN_UNDECLARED_SELECTOR = YES;
				GCC_WARN_UNINITIALIZED_AUTOS = YES_AGGRESSIVE;
				GCC_WARN_UNUSED_FUNCTION = YES;
				GCC_WARN_UNUSED_VARIABLE = YES;
				IPHONEOS_DEPLOYMENT_TARGET = 9.3;
				MTL_ENABLE_DEBUG_INFO = YES;
				ONLY_ACTIVE_ARCH = YES;
				SDKROOT = iphoneos;
			};
			name = Debug;
		};
		7A15E1341F64005D00054933 /* Release */ = {
			isa = XCBuildConfiguration;
			buildSettings = {
				ALWAYS_SEARCH_USER_PATHS = NO;
				CLANG_ANALYZER_NONNULL = YES;
				CLANG_ANALYZER_NUMBER_OBJECT_CONVERSION = YES_AGGRESSIVE;
				CLANG_CXX_LANGUAGE_STANDARD = "gnu++0x";
				CLANG_CXX_LIBRARY = "libc++";
				CLANG_ENABLE_MODULES = YES;
				CLANG_ENABLE_OBJC_ARC = YES;
				CLANG_WARN_BOOL_CONVERSION = YES;
				CLANG_WARN_CONSTANT_CONVERSION = YES;
				CLANG_WARN_DIRECT_OBJC_ISA_USAGE = YES_ERROR;
				CLANG_WARN_DOCUMENTATION_COMMENTS = YES;
				CLANG_WARN_EMPTY_BODY = YES;
				CLANG_WARN_ENUM_CONVERSION = YES;
				CLANG_WARN_INFINITE_RECURSION = YES;
				CLANG_WARN_INT_CONVERSION = YES;
				CLANG_WARN_OBJC_ROOT_CLASS = YES_ERROR;
				CLANG_WARN_SUSPICIOUS_MOVE = YES;
				CLANG_WARN_UNREACHABLE_CODE = YES;
				CLANG_WARN__DUPLICATE_METHOD_MATCH = YES;
				"CODE_SIGN_IDENTITY[sdk=iphoneos*]" = "iPhone Developer";
				COPY_PHASE_STRIP = NO;
				DEBUG_INFORMATION_FORMAT = "dwarf-with-dsym";
				ENABLE_BITCODE = NO;
				ENABLE_NS_ASSERTIONS = NO;
				ENABLE_STRICT_OBJC_MSGSEND = YES;
				GCC_C_LANGUAGE_STANDARD = gnu99;
				GCC_NO_COMMON_BLOCKS = YES;
				GCC_WARN_64_TO_32_BIT_CONVERSION = YES;
				GCC_WARN_ABOUT_RETURN_TYPE = YES_ERROR;
				GCC_WARN_UNDECLARED_SELECTOR = YES;
				GCC_WARN_UNINITIALIZED_AUTOS = YES_AGGRESSIVE;
				GCC_WARN_UNUSED_FUNCTION = YES;
				GCC_WARN_UNUSED_VARIABLE = YES;
				IPHONEOS_DEPLOYMENT_TARGET = 9.3;
				MTL_ENABLE_DEBUG_INFO = NO;
				SDKROOT = iphoneos;
				VALIDATE_PRODUCT = YES;
			};
			name = Release;
		};
		7A15E1361F64005D00054933 /* Debug */ = {
			isa = XCBuildConfiguration;
			baseConfigurationReference = B50773BDAE701216D181541A /* Pods-EzoneNavigation.debug.xcconfig */;
			buildSettings = {
				ASSETCATALOG_COMPILER_APPICON_NAME = AppIcon;
				DEVELOPMENT_TEAM = 32WC8E8NPA;
				INFOPLIST_FILE = EzoneNavigation/Info.plist;
				LD_RUNPATH_SEARCH_PATHS = "$(inherited) @executable_path/Frameworks";
				PRODUCT_BUNDLE_IDENTIFIER = com.keyur.EzoneNavigation;
				PRODUCT_NAME = "$(TARGET_NAME)";
			};
			name = Debug;
		};
		7A15E1371F64005D00054933 /* Release */ = {
			isa = XCBuildConfiguration;
			baseConfigurationReference = 07479EE18D1A8B7FB9D1B0F8 /* Pods-EzoneNavigation.release.xcconfig */;
			buildSettings = {
				ASSETCATALOG_COMPILER_APPICON_NAME = AppIcon;
				DEVELOPMENT_TEAM = 32WC8E8NPA;
				INFOPLIST_FILE = EzoneNavigation/Info.plist;
				LD_RUNPATH_SEARCH_PATHS = "$(inherited) @executable_path/Frameworks";
				PRODUCT_BUNDLE_IDENTIFIER = com.keyur.EzoneNavigation;
				PRODUCT_NAME = "$(TARGET_NAME)";
			};
			name = Release;
		};
		7A15E1391F64005D00054933 /* Debug */ = {
			isa = XCBuildConfiguration;
			buildSettings = {
				BUNDLE_LOADER = "$(TEST_HOST)";
				DEVELOPMENT_TEAM = 32WC8E8NPA;
				INFOPLIST_FILE = EzoneNavigationTests/Info.plist;
				LD_RUNPATH_SEARCH_PATHS = "$(inherited) @executable_path/Frameworks @loader_path/Frameworks";
				PRODUCT_BUNDLE_IDENTIFIER = com.keyur.EzoneNavigationTests;
				PRODUCT_NAME = "$(TARGET_NAME)";
				TEST_HOST = "$(BUILT_PRODUCTS_DIR)/EzoneNavigation.app/EzoneNavigation";
			};
			name = Debug;
		};
		7A15E13A1F64005D00054933 /* Release */ = {
			isa = XCBuildConfiguration;
			buildSettings = {
				BUNDLE_LOADER = "$(TEST_HOST)";
				DEVELOPMENT_TEAM = 32WC8E8NPA;
				INFOPLIST_FILE = EzoneNavigationTests/Info.plist;
				LD_RUNPATH_SEARCH_PATHS = "$(inherited) @executable_path/Frameworks @loader_path/Frameworks";
				PRODUCT_BUNDLE_IDENTIFIER = com.keyur.EzoneNavigationTests;
				PRODUCT_NAME = "$(TARGET_NAME)";
				TEST_HOST = "$(BUILT_PRODUCTS_DIR)/EzoneNavigation.app/EzoneNavigation";
			};
			name = Release;
		};
		7A15E13C1F64005D00054933 /* Debug */ = {
			isa = XCBuildConfiguration;
			buildSettings = {
				DEVELOPMENT_TEAM = 32WC8E8NPA;
				INFOPLIST_FILE = EzoneNavigationUITests/Info.plist;
				LD_RUNPATH_SEARCH_PATHS = "$(inherited) @executable_path/Frameworks @loader_path/Frameworks";
				PRODUCT_BUNDLE_IDENTIFIER = com.keyur.EzoneNavigationUITests;
				PRODUCT_NAME = "$(TARGET_NAME)";
				TEST_TARGET_NAME = EzoneNavigation;
			};
			name = Debug;
		};
		7A15E13D1F64005D00054933 /* Release */ = {
			isa = XCBuildConfiguration;
			buildSettings = {
				DEVELOPMENT_TEAM = 32WC8E8NPA;
				INFOPLIST_FILE = EzoneNavigationUITests/Info.plist;
				LD_RUNPATH_SEARCH_PATHS = "$(inherited) @executable_path/Frameworks @loader_path/Frameworks";
				PRODUCT_BUNDLE_IDENTIFIER = com.keyur.EzoneNavigationUITests;
				PRODUCT_NAME = "$(TARGET_NAME)";
				TEST_TARGET_NAME = EzoneNavigation;
			};
			name = Release;
		};
/* End XCBuildConfiguration section */

/* Begin XCConfigurationList section */
		7A15E1031F64005D00054933 /* Build configuration list for PBXProject "EzoneNavigation" */ = {
			isa = XCConfigurationList;
			buildConfigurations = (
				7A15E1331F64005D00054933 /* Debug */,
				7A15E1341F64005D00054933 /* Release */,
			);
			defaultConfigurationIsVisible = 0;
			defaultConfigurationName = Release;
		};
		7A15E1351F64005D00054933 /* Build configuration list for PBXNativeTarget "EzoneNavigation" */ = {
			isa = XCConfigurationList;
			buildConfigurations = (
				7A15E1361F64005D00054933 /* Debug */,
				7A15E1371F64005D00054933 /* Release */,
			);
			defaultConfigurationIsVisible = 0;
			defaultConfigurationName = Release;
		};
		7A15E1381F64005D00054933 /* Build configuration list for PBXNativeTarget "EzoneNavigationTests" */ = {
			isa = XCConfigurationList;
			buildConfigurations = (
				7A15E1391F64005D00054933 /* Debug */,
				7A15E13A1F64005D00054933 /* Release */,
			);
			defaultConfigurationIsVisible = 0;
			defaultConfigurationName = Release;
		};
		7A15E13B1F64005D00054933 /* Build configuration list for PBXNativeTarget "EzoneNavigationUITests" */ = {
			isa = XCConfigurationList;
			buildConfigurations = (
				7A15E13C1F64005D00054933 /* Debug */,
				7A15E13D1F64005D00054933 /* Release */,
			);
			defaultConfigurationIsVisible = 0;
			defaultConfigurationName = Release;
		};
/* End XCConfigurationList section */
	};
	rootObject = 7A15E1001F64005D00054933 /* Project object */;
}
